
Microsoft Visual Studio Solution File, Format Version 12.00
# Visual Studio Version 16
VisualStudioVersion = 16.0.31229.75
MinimumVisualStudioVersion = 10.0.40219.1
Project("{FAE04EC0-301F-11D3-BF4B-00C04F79EFBC}") = "StoreManagement", "StoreManagement.csproj", "{619D2826-63BA-4B98-88DC-D0E31A3E602E}"
EndProject
Global
	GlobalSection(SolutionConfigurationPlatforms) = preSolution
		Debug|Any CPU = Debug|Any CPU
		Release|Any CPU = Release|Any CPU
	EndGlobalSection
	GlobalSection(ProjectConfigurationPlatforms) = postSolution
		{619D2826-63BA-4B98-88DC-D0E31A3E602E}.Debug|Any CPU.ActiveCfg = Debug|Any CPU
		{619D2826-63BA-4B98-88DC-D0E31A3E602E}.Debug|Any CPU.Build.0 = Debug|Any CPU
		{619D2826-63BA-4B98-88DC-D0E31A3E602E}.Release|Any CPU.ActiveCfg = Release|Any CPU
		{619D2826-63BA-4B98-88DC-D0E31A3E602E}.Release|Any CPU.Build.0 = Release|Any CPU
	EndGlobalSection
	GlobalSection(SolutionProperties) = preSolution
		HideSolutionNode = FALSE
	EndGlobalSection
	GlobalSection(ExtensibilityGlobals) = postSolution
		SolutionGuid = {2D3B3DBB-B55E-4173-88EE-916785881EFB}
	EndGlobalSection
EndGlobal
